
Microsoft Visual Studio Solution File, Format Version 12.00
# Visual Studio 14
VisualStudioVersion = 14.0.23107.0
MinimumVisualStudioVersion = 10.0.40219.1
Project("{8BC9CEB8-8B4A-11D0-8D11-00A0C91BC942}") = "graphicsTut", "graphicsTut\graphicsTut.vcxproj", "{9EF93F2D-B28F-420F-BC82-7F283761BFCB}"
EndProject
Project("{8BC9CEB8-8B4A-11D0-8D11-00A0C91BC942}") = "Bengine", "Bengine\Bengine.vcxproj", "{91F082F9-DA7E-45D0-9949-110B5799C947}"
EndProject
Global
	GlobalSection(SolutionConfigurationPlatforms) = preSolution
		Debug|x64 = Debug|x64
		Debug|x86 = Debug|x86
		Release|x64 = Release|x64
		Release|x86 = Release|x86
	EndGlobalSection
	GlobalSection(ProjectConfigurationPlatforms) = postSolution
		{9EF93F2D-B28F-420F-BC82-7F283761BFCB}.Debug|x64.ActiveCfg = Debug|x64
		{9EF93F2D-B28F-420F-BC82-7F283761BFCB}.Debug|x64.Build.0 = Debug|x64
		{9EF93F2D-B28F-420F-BC82-7F283761BFCB}.Debug|x86.ActiveCfg = Debug|Win32
		{9EF93F2D-B28F-420F-BC82-7F283761BFCB}.Debug|x86.Build.0 = Debug|Win32
		{9EF93F2D-B28F-420F-BC82-7F283761BFCB}.Release|x64.ActiveCfg = Release|x64
		{9EF93F2D-B28F-420F-BC82-7F283761BFCB}.Release|x64.Build.0 = Release|x64
		{9EF93F2D-B28F-420F-BC82-7F283761BFCB}.Release|x86.ActiveCfg = Release|Win32
		{9EF93F2D-B28F-420F-BC82-7F283761BFCB}.Release|x86.Build.0 = Release|Win32
		{91F082F9-DA7E-45D0-9949-110B5799C947}.Debug|x64.ActiveCfg = Debug|x64
		{91F082F9-DA7E-45D0-9949-110B5799C947}.Debug|x64.Build.0 = Debug|x64
		{91F082F9-DA7E-45D0-9949-110B5799C947}.Debug|x86.ActiveCfg = Debug|Win32
		{91F082F9-DA7E-45D0-9949-110B5799C947}.Debug|x86.Build.0 = Debug|Win32
		{91F082F9-DA7E-45D0-9949-110B5799C947}.Release|x64.ActiveCfg = Release|x64
		{91F082F9-DA7E-45D0-9949-110B5799C947}.Release|x64.Build.0 = Release|x64
		{91F082F9-DA7E-45D0-9949-110B5799C947}.Release|x86.ActiveCfg = Release|Win32
		{91F082F9-DA7E-45D0-9949-110B5799C947}.Release|x86.Build.0 = Release|Win32
	EndGlobalSection
	GlobalSection(SolutionProperties) = preSolution
		HideSolutionNode = FALSE
	EndGlobalSection
EndGlobal
